// !$*UTF8*$!
{
	archiveVersion = 1;
	classes = {
	};
	objectVersion = 46;
	objects = {

/* Begin PBXBuildFile section */
		3B928C0C1ABDE957002BBF6B /* main.m in Sources */ = {isa = PBXBuildFile; fileRef = 3B928C0B1ABDE957002BBF6B /* main.m */; };
		3B928C0F1ABDE957002BBF6B /* AppDelegate.m in Sources */ = {isa = PBXBuildFile; fileRef = 3B928C0E1ABDE957002BBF6B /* AppDelegate.m */; };
		3B928C121ABDE957002BBF6B /* ViewController.m in Sources */ = {isa = PBXBuildFile; fileRef = 3B928C111ABDE957002BBF6B /* ViewController.m */; };
		3B928C151ABDE957002BBF6B /* Main.storyboard in Resources */ = {isa = PBXBuildFile; fileRef = 3B928C131ABDE957002BBF6B /* Main.storyboard */; };
		3B928C171ABDE957002BBF6B /* Images.xcassets in Resources */ = {isa = PBXBuildFile; fileRef = 3B928C161ABDE957002BBF6B /* Images.xcassets */; };
		3B928C1A1ABDE957002BBF6B /* LaunchScreen.xib in Resources */ = {isa = PBXBuildFile; fileRef = 3B928C181ABDE957002BBF6B /* LaunchScreen.xib */; };
		3B928C261ABDE957002BBF6B /* MusicBluebTests.m in Sources */ = {isa = PBXBuildFile; fileRef = 3B928C251ABDE957002BBF6B /* MusicBluebTests.m */; };
		3B928C301ABDE993002BBF6B /* CoreAudioKit.framework in Frameworks */ = {isa = PBXBuildFile; fileRef = 3B928C2F1ABDE993002BBF6B /* CoreAudioKit.framework */; };
		3B928C321ABDEA30002BBF6B /* CoreAudio.framework in Frameworks */ = {isa = PBXBuildFile; fileRef = 3B928C311ABDEA30002BBF6B /* CoreAudio.framework */; };
		3B928C341ABDEA36002BBF6B /* CoreBluetooth.framework in Frameworks */ = {isa = PBXBuildFile; fileRef = 3B928C331ABDEA36002BBF6B /* CoreBluetooth.framework */; };
		3BB527AF1AC0861000AA98CC /* CoreMIDI.framework in Frameworks */ = {isa = PBXBuildFile; fileRef = 3BB527AE1AC0861000AA98CC /* CoreMIDI.framework */; };
		3BB527B11AC2255300AA98CC /* libPods-MusicBlueb-MIKMIDI.a in Frameworks */ = {isa = PBXBuildFile; fileRef = 3BB527B01AC2255300AA98CC /* libPods-MusicBlueb-MIKMIDI.a */; };
		749A099F9CDC8D71BEEF9B82 /* libPods-MusicBlueb.a in Frameworks */ = {isa = PBXBuildFile; fileRef = CE069BE3A6C1CB605B121E26 /* libPods-MusicBlueb.a */; };
/* End PBXBuildFile section */

/* Begin PBXContainerItemProxy section */
		3B928C201ABDE957002BBF6B /* PBXContainerItemProxy */ = {
			isa = PBXContainerItemProxy;
			containerPortal = 3B928BFE1ABDE957002BBF6B /* Project object */;
			proxyType = 1;
			remoteGlobalIDString = 3B928C051ABDE957002BBF6B;
			remoteInfo = MusicBlueb;
		};
/* End PBXContainerItemProxy section */

/* Begin PBXFileReference section */
		24BC5861D5CC6C15CB709DB8 /* Pods-MusicBlueb.release.xcconfig */ = {isa = PBXFileReference; includeInIndex = 1; lastKnownFileType = text.xcconfig; name = "Pods-MusicBlueb.release.xcconfig"; path = "Pods/Target Support Files/Pods-MusicBlueb/Pods-MusicBlueb.release.xcconfig"; sourceTree = "<group>"; };
		3B928C061ABDE957002BBF6B /* MusicBlueb.app */ = {isa = PBXFileReference; explicitFileType = wrapper.application; includeInIndex = 0; path = MusicBlueb.app; sourceTree = BUILT_PRODUCTS_DIR; };
		3B928C0A1ABDE957002BBF6B /* Info.plist */ = {isa = PBXFileReference; lastKnownFileType = text.plist.xml; path = Info.plist; sourceTree = "<group>"; };
		3B928C0B1ABDE957002BBF6B /* main.m */ = {isa = PBXFileReference; lastKnownFileType = sourcecode.c.objc; path = main.m; sourceTree = "<group>"; };
		3B928C0D1ABDE957002BBF6B /* AppDelegate.h */ = {isa = PBXFileReference; lastKnownFileType = sourcecode.c.h; path = AppDelegate.h; sourceTree = "<group>"; };
		3B928C0E1ABDE957002BBF6B /* AppDelegate.m */ = {isa = PBXFileReference; lastKnownFileType = sourcecode.c.objc; path = AppDelegate.m; sourceTree = "<group>"; };
		3B928C101ABDE957002BBF6B /* ViewController.h */ = {isa = PBXFileReference; lastKnownFileType = sourcecode.c.h; path = ViewController.h; sourceTree = "<group>"; };
		3B928C111ABDE957002BBF6B /* ViewController.m */ = {isa = PBXFileReference; lastKnownFileType = sourcecode.c.objc; path = ViewController.m; sourceTree = "<group>"; };
		3B928C141ABDE957002BBF6B /* Base */ = {isa = PBXFileReference; lastKnownFileType = file.storyboard; name = Base; path = Base.lproj/Main.storyboard; sourceTree = "<group>"; };
		3B928C161ABDE957002BBF6B /* Images.xcassets */ = {isa = PBXFileReference; lastKnownFileType = folder.assetcatalog; path = Images.xcassets; sourceTree = "<group>"; };
		3B928C191ABDE957002BBF6B /* Base */ = {isa = PBXFileReference; lastKnownFileType = file.xib; name = Base; path = Base.lproj/LaunchScreen.xib; sourceTree = "<group>"; };
		3B928C1F1ABDE957002BBF6B /* MusicBluebTests.xctest */ = {isa = PBXFileReference; explicitFileType = wrapper.cfbundle; includeInIndex = 0; path = MusicBluebTests.xctest; sourceTree = BUILT_PRODUCTS_DIR; };
		3B928C241ABDE957002BBF6B /* Info.plist */ = {isa = PBXFileReference; lastKnownFileType = text.plist.xml; path = Info.plist; sourceTree = "<group>"; };
		3B928C251ABDE957002BBF6B /* MusicBluebTests.m */ = {isa = PBXFileReference; lastKnownFileType = sourcecode.c.objc; path = MusicBluebTests.m; sourceTree = "<group>"; };
		3B928C2F1ABDE993002BBF6B /* CoreAudioKit.framework */ = {isa = PBXFileReference; lastKnownFileType = wrapper.framework; name = CoreAudioKit.framework; path = System/Library/Frameworks/CoreAudioKit.framework; sourceTree = SDKROOT; };
		3B928C311ABDEA30002BBF6B /* CoreAudio.framework */ = {isa = PBXFileReference; lastKnownFileType = wrapper.framework; name = CoreAudio.framework; path = System/Library/Frameworks/CoreAudio.framework; sourceTree = SDKROOT; };
		3B928C331ABDEA36002BBF6B /* CoreBluetooth.framework */ = {isa = PBXFileReference; lastKnownFileType = wrapper.framework; name = CoreBluetooth.framework; path = System/Library/Frameworks/CoreBluetooth.framework; sourceTree = SDKROOT; };
		3BB527AE1AC0861000AA98CC /* CoreMIDI.framework */ = {isa = PBXFileReference; lastKnownFileType = wrapper.framework; name = CoreMIDI.framework; path = System/Library/Frameworks/CoreMIDI.framework; sourceTree = SDKROOT; };
		3BB527B01AC2255300AA98CC /* libPods-MusicBlueb-MIKMIDI.a */ = {isa = PBXFileReference; lastKnownFileType = archive.ar; name = "libPods-MusicBlueb-MIKMIDI.a"; path = "Pods/build/Debug-iphoneos/libPods-MusicBlueb-MIKMIDI.a"; sourceTree = "<group>"; };
		CE069BE3A6C1CB605B121E26 /* libPods-MusicBlueb.a */ = {isa = PBXFileReference; explicitFileType = archive.ar; includeInIndex = 0; path = "libPods-MusicBlueb.a"; sourceTree = BUILT_PRODUCTS_DIR; };
		E9B248AC21723BE9928F65CF /* Pods-MusicBlueb.debug.xcconfig */ = {isa = PBXFileReference; includeInIndex = 1; lastKnownFileType = text.xcconfig; name = "Pods-MusicBlueb.debug.xcconfig"; path = "Pods/Target Support Files/Pods-MusicBlueb/Pods-MusicBlueb.debug.xcconfig"; sourceTree = "<group>"; };
/* End PBXFileReference section */

/* Begin PBXFrameworksBuildPhase section */
		3B928C031ABDE957002BBF6B /* Frameworks */ = {
			isa = PBXFrameworksBuildPhase;
			buildActionMask = 2147483647;
			files = (
				3BB527B11AC2255300AA98CC /* libPods-MusicBlueb-MIKMIDI.a in Frameworks */,
				3BB527AF1AC0861000AA98CC /* CoreMIDI.framework in Frameworks */,
				3B928C341ABDEA36002BBF6B /* CoreBluetooth.framework in Frameworks */,
				3B928C321ABDEA30002BBF6B /* CoreAudio.framework in Frameworks */,
				3B928C301ABDE993002BBF6B /* CoreAudioKit.framework in Frameworks */,
				749A099F9CDC8D71BEEF9B82 /* libPods-MusicBlueb.a in Frameworks */,
			);
			runOnlyForDeploymentPostprocessing = 0;
		};
		3B928C1C1ABDE957002BBF6B /* Frameworks */ = {
			isa = PBXFrameworksBuildPhase;
			buildActionMask = 2147483647;
			files = (
			);
			runOnlyForDeploymentPostprocessing = 0;
		};
/* End PBXFrameworksBuildPhase section */

/* Begin PBXGroup section */
		21D8BE0211A1600DEB4E7617 /* Frameworks */ = {
			isa = PBXGroup;
			children = (
				3BB527B01AC2255300AA98CC /* libPods-MusicBlueb-MIKMIDI.a */,
				CE069BE3A6C1CB605B121E26 /* libPods-MusicBlueb.a */,
			);
			name = Frameworks;
			sourceTree = "<group>";
		};
		3B928BFD1ABDE957002BBF6B = {
			isa = PBXGroup;
			children = (
				3BB527AE1AC0861000AA98CC /* CoreMIDI.framework */,
				3B928C331ABDEA36002BBF6B /* CoreBluetooth.framework */,
				3B928C311ABDEA30002BBF6B /* CoreAudio.framework */,
				3B928C2F1ABDE993002BBF6B /* CoreAudioKit.framework */,
				3B928C081ABDE957002BBF6B /* MusicBlueb */,
				3B928C221ABDE957002BBF6B /* MusicBluebTests */,
				3B928C071ABDE957002BBF6B /* Products */,
				ACAE987A2948A7736D875AE6 /* Pods */,
				21D8BE0211A1600DEB4E7617 /* Frameworks */,
			);
			sourceTree = "<group>";
		};
		3B928C071ABDE957002BBF6B /* Products */ = {
			isa = PBXGroup;
			children = (
				3B928C061ABDE957002BBF6B /* MusicBlueb.app */,
				3B928C1F1ABDE957002BBF6B /* MusicBluebTests.xctest */,
			);
			name = Products;
			sourceTree = "<group>";
		};
		3B928C081ABDE957002BBF6B /* MusicBlueb */ = {
			isa = PBXGroup;
			children = (
				3B928C0D1ABDE957002BBF6B /* AppDelegate.h */,
				3B928C0E1ABDE957002BBF6B /* AppDelegate.m */,
				3B928C101ABDE957002BBF6B /* ViewController.h */,
				3B928C111ABDE957002BBF6B /* ViewController.m */,
				3B928C131ABDE957002BBF6B /* Main.storyboard */,
				3B928C161ABDE957002BBF6B /* Images.xcassets */,
				3B928C181ABDE957002BBF6B /* LaunchScreen.xib */,
				3B928C091ABDE957002BBF6B /* Supporting Files */,
			);
			path = MusicBlueb;
			sourceTree = "<group>";
		};
		3B928C091ABDE957002BBF6B /* Supporting Files */ = {
			isa = PBXGroup;
			children = (
				3B928C0A1ABDE957002BBF6B /* Info.plist */,
				3B928C0B1ABDE957002BBF6B /* main.m */,
			);
			name = "Supporting Files";
			sourceTree = "<group>";
		};
		3B928C221ABDE957002BBF6B /* MusicBluebTests */ = {
			isa = PBXGroup;
			children = (
				3B928C251ABDE957002BBF6B /* MusicBluebTests.m */,
				3B928C231ABDE957002BBF6B /* Supporting Files */,
			);
			path = MusicBluebTests;
			sourceTree = "<group>";
		};
		3B928C231ABDE957002BBF6B /* Supporting Files */ = {
			isa = PBXGroup;
			children = (
				3B928C241ABDE957002BBF6B /* Info.plist */,
			);
			name = "Supporting Files";
			sourceTree = "<group>";
		};
		ACAE987A2948A7736D875AE6 /* Pods */ = {
			isa = PBXGroup;
			children = (
				E9B248AC21723BE9928F65CF /* Pods-MusicBlueb.debug.xcconfig */,
				24BC5861D5CC6C15CB709DB8 /* Pods-MusicBlueb.release.xcconfig */,
			);
			name = Pods;
			sourceTree = "<group>";
		};
/* End PBXGroup section */

/* Begin PBXNativeTarget section */
		3B928C051ABDE957002BBF6B /* MusicBlueb */ = {
			isa = PBXNativeTarget;
			buildConfigurationList = 3B928C291ABDE957002BBF6B /* Build configuration list for PBXNativeTarget "MusicBlueb" */;
			buildPhases = (
				81E7C8C44869561DB8DA6D4A /* Check Pods Manifest.lock */,
				3B928C021ABDE957002BBF6B /* Sources */,
				3B928C031ABDE957002BBF6B /* Frameworks */,
				3B928C041ABDE957002BBF6B /* Resources */,
				65F0F3719ADD31870229A78A /* Copy Pods Resources */,
			);
			buildRules = (
			);
			dependencies = (
			);
			name = MusicBlueb;
			productName = MusicBlueb;
			productReference = 3B928C061ABDE957002BBF6B /* MusicBlueb.app */;
			productType = "com.apple.product-type.application";
		};
		3B928C1E1ABDE957002BBF6B /* MusicBluebTests */ = {
			isa = PBXNativeTarget;
			buildConfigurationList = 3B928C2C1ABDE957002BBF6B /* Build configuration list for PBXNativeTarget "MusicBluebTests" */;
			buildPhases = (
				3B928C1B1ABDE957002BBF6B /* Sources */,
				3B928C1C1ABDE957002BBF6B /* Frameworks */,
				3B928C1D1ABDE957002BBF6B /* Resources */,
			);
			buildRules = (
			);
			dependencies = (
				3B928C211ABDE957002BBF6B /* PBXTargetDependency */,
			);
			name = MusicBluebTests;
			productName = MusicBluebTests;
			productReference = 3B928C1F1ABDE957002BBF6B /* MusicBluebTests.xctest */;
			productType = "com.apple.product-type.bundle.unit-test";
		};
/* End PBXNativeTarget section */

/* Begin PBXProject section */
		3B928BFE1ABDE957002BBF6B /* Project object */ = {
			isa = PBXProject;
			attributes = {
				LastUpgradeCheck = 0620;
				ORGANIZATIONNAME = "Arthur Berman";
				TargetAttributes = {
					3B928C051ABDE957002BBF6B = {
						CreatedOnToolsVersion = 6.2;
					};
					3B928C1E1ABDE957002BBF6B = {
						CreatedOnToolsVersion = 6.2;
						TestTargetID = 3B928C051ABDE957002BBF6B;
					};
				};
			};
			buildConfigurationList = 3B928C011ABDE957002BBF6B /* Build configuration list for PBXProject "MusicBlueb" */;
			compatibilityVersion = "Xcode 3.2";
			developmentRegion = English;
			hasScannedForEncodings = 0;
			knownRegions = (
				en,
				Base,
			);
			mainGroup = 3B928BFD1ABDE957002BBF6B;
			productRefGroup = 3B928C071ABDE957002BBF6B /* Products */;
			projectDirPath = "";
			projectRoot = "";
			targets = (
				3B928C051ABDE957002BBF6B /* MusicBlueb */,
				3B928C1E1ABDE957002BBF6B /* MusicBluebTests */,
			);
		};
/* End PBXProject section */

/* Begin PBXResourcesBuildPhase section */
		3B928C041ABDE957002BBF6B /* Resources */ = {
			isa = PBXResourcesBuildPhase;
			buildActionMask = 2147483647;
			files = (
				3B928C151ABDE957002BBF6B /* Main.storyboard in Resources */,
				3B928C1A1ABDE957002BBF6B /* LaunchScreen.xib in Resources */,
				3B928C171ABDE957002BBF6B /* Images.xcassets in Resources */,
			);
			runOnlyForDeploymentPostprocessing = 0;
		};
		3B928C1D1ABDE957002BBF6B /* Resources */ = {
			isa = PBXResourcesBuildPhase;
			buildActionMask = 2147483647;
			files = (
			);
			runOnlyForDeploymentPostprocessing = 0;
		};
/* End PBXResourcesBuildPhase section */

/* Begin PBXShellScriptBuildPhase section */
		65F0F3719ADD31870229A78A /* Copy Pods Resources */ = {
			isa = PBXShellScriptBuildPhase;
			buildActionMask = 2147483647;
			files = (
			);
			inputPaths = (
			);
			name = "Copy Pods Resources";
			outputPaths = (
			);
			runOnlyForDeploymentPostprocessing = 0;
			shellPath = /bin/sh;
			shellScript = "\"${SRCROOT}/Pods/Target Support Files/Pods-MusicBlueb/Pods-MusicBlueb-resources.sh\"\n";
			showEnvVarsInLog = 0;
		};
		81E7C8C44869561DB8DA6D4A /* Check Pods Manifest.lock */ = {
			isa = PBXShellScriptBuildPhase;
			buildActionMask = 2147483647;
			files = (
			);
			inputPaths = (
			);
			name = "Check Pods Manifest.lock";
			outputPaths = (
			);
			runOnlyForDeploymentPostprocessing = 0;
			shellPath = /bin/sh;
			shellScript = "diff \"${PODS_ROOT}/../Podfile.lock\" \"${PODS_ROOT}/Manifest.lock\" > /dev/null\nif [[ $? != 0 ]] ; then\n    cat << EOM\nerror: The sandbox is not in sync with the Podfile.lock. Run 'pod install' or update your CocoaPods installation.\nEOM\n    exit 1\nfi\n";
			showEnvVarsInLog = 0;
		};
/* End PBXShellScriptBuildPhase section */

/* Begin PBXSourcesBuildPhase section */
		3B928C021ABDE957002BBF6B /* Sources */ = {
			isa = PBXSourcesBuildPhase;
			buildActionMask = 2147483647;
			files = (
				3B928C121ABDE957002BBF6B /* ViewController.m in Sources */,
				3B928C0F1ABDE957002BBF6B /* AppDelegate.m in Sources */,
				3B928C0C1ABDE957002BBF6B /* main.m in Sources */,
			);
			runOnlyForDeploymentPostprocessing = 0;
		};
		3B928C1B1ABDE957002BBF6B /* Sources */ = {
			isa = PBXSourcesBuildPhase;
			buildActionMask = 2147483647;
			files = (
				3B928C261ABDE957002BBF6B /* MusicBluebTests.m in Sources */,
			);
			runOnlyForDeploymentPostprocessing = 0;
		};
/* End PBXSourcesBuildPhase section */

/* Begin PBXTargetDependency section */
		3B928C211ABDE957002BBF6B /* PBXTargetDependency */ = {
			isa = PBXTargetDependency;
			target = 3B928C051ABDE957002BBF6B /* MusicBlueb */;
			targetProxy = 3B928C201ABDE957002BBF6B /* PBXContainerItemProxy */;
		};
/* End PBXTargetDependency section */

/* Begin PBXVariantGroup section */
		3B928C131ABDE957002BBF6B /* Main.storyboard */ = {
			isa = PBXVariantGroup;
			children = (
				3B928C141ABDE957002BBF6B /* Base */,
			);
			name = Main.storyboard;
			sourceTree = "<group>";
		};
		3B928C181ABDE957002BBF6B /* LaunchScreen.xib */ = {
			isa = PBXVariantGroup;
			children = (
				3B928C191ABDE957002BBF6B /* Base */,
			);
			name = LaunchScreen.xib;
			sourceTree = "<group>";
		};
/* End PBXVariantGroup section */

/* Begin XCBuildConfiguration section */
		3B928C271ABDE957002BBF6B /* Debug */ = {
			isa = XCBuildConfiguration;
			buildSettings = {
				ALWAYS_SEARCH_USER_PATHS = NO;
				CLANG_CXX_LANGUAGE_STANDARD = "gnu++0x";
				CLANG_CXX_LIBRARY = "libc++";
				CLANG_ENABLE_MODULES = YES;
				CLANG_ENABLE_OBJC_ARC = YES;
				CLANG_WARN_BOOL_CONVERSION = YES;
				CLANG_WARN_CONSTANT_CONVERSION = YES;
				CLANG_WARN_DIRECT_OBJC_ISA_USAGE = YES_ERROR;
				CLANG_WARN_EMPTY_BODY = YES;
				CLANG_WARN_ENUM_CONVERSION = YES;
				CLANG_WARN_INT_CONVERSION = YES;
				CLANG_WARN_OBJC_ROOT_CLASS = YES_ERROR;
				CLANG_WARN_UNREACHABLE_CODE = YES;
				CLANG_WARN__DUPLICATE_METHOD_MATCH = YES;
				"CODE_SIGN_IDENTITY[sdk=iphoneos*]" = "iPhone Developer";
				COPY_PHASE_STRIP = NO;
				ENABLE_STRICT_OBJC_MSGSEND = YES;
				GCC_C_LANGUAGE_STANDARD = gnu99;
				GCC_DYNAMIC_NO_PIC = NO;
				GCC_OPTIMIZATION_LEVEL = 0;
				GCC_PREPROCESSOR_DEFINITIONS = (
					"DEBUG=1",
					"$(inherited)",
				);
				GCC_SYMBOLS_PRIVATE_EXTERN = NO;
				GCC_WARN_64_TO_32_BIT_CONVERSION = YES;
				GCC_WARN_ABOUT_RETURN_TYPE = YES_ERROR;
				GCC_WARN_UNDECLARED_SELECTOR = YES;
				GCC_WARN_UNINITIALIZED_AUTOS = YES_AGGRESSIVE;
				GCC_WARN_UNUSED_FUNCTION = YES;
				GCC_WARN_UNUSED_VARIABLE = YES;
				IPHONEOS_DEPLOYMENT_TARGET = 8.2;
				MTL_ENABLE_DEBUG_INFO = YES;
				ONLY_ACTIVE_ARCH = YES;
				SDKROOT = iphoneos;
				TARGETED_DEVICE_FAMILY = "1,2";
			};
			name = Debug;
		};
		3B928C281ABDE957002BBF6B /* Release */ = {
			isa = XCBuildConfiguration;
			buildSettings = {
				ALWAYS_SEARCH_USER_PATHS = NO;
				CLANG_CXX_LANGUAGE_STANDARD = "gnu++0x";
				CLANG_CXX_LIBRARY = "libc++";
				CLANG_ENABLE_MODULES = YES;
				CLANG_ENABLE_OBJC_ARC = YES;
				CLANG_WARN_BOOL_CONVERSION = YES;
				CLANG_WARN_CONSTANT_CONVERSION = YES;
				CLANG_WARN_DIRECT_OBJC_ISA_USAGE = YES_ERROR;
				CLANG_WARN_EMPTY_BODY = YES;
				CLANG_WARN_ENUM_CONVERSION = YES;
				CLANG_WARN_INT_CONVERSION = YES;
				CLANG_WARN_OBJC_ROOT_CLASS = YES_ERROR;
				CLANG_WARN_UNREACHABLE_CODE = YES;
				CLANG_WARN__DUPLICATE_METHOD_MATCH = YES;
				"CODE_SIGN_IDENTITY[sdk=iphoneos*]" = "iPhone Developer";
				COPY_PHASE_STRIP = NO;
				ENABLE_NS_ASSERTIONS = NO;
				ENABLE_STRICT_OBJC_MSGSEND = YES;
				GCC_C_LANGUAGE_STANDARD = gnu99;
				GCC_WARN_64_TO_32_BIT_CONVERSION = YES;
				GCC_WARN_ABOUT_RETURN_TYPE = YES_ERROR;
				GCC_WARN_UNDECLARED_SELECTOR = YES;
				GCC_WARN_UNINITIALIZED_AUTOS = YES_AGGRESSIVE;
				GCC_WARN_UNUSED_FUNCTION = YES;
				GCC_WARN_UNUSED_VARIABLE = YES;
				IPHONEOS_DEPLOYMENT_TARGET = 8.2;
				MTL_ENABLE_DEBUG_INFO = NO;
				SDKROOT = iphoneos;
				TARGETED_DEVICE_FAMILY = "1,2";
				VALIDATE_PRODUCT = YES;
			};
			name = Release;
		};
		3B928C2A1ABDE957002BBF6B /* Debug */ = {
			isa = XCBuildConfiguration;
			baseConfigurationReference = E9B248AC21723BE9928F65CF /* Pods-MusicBlueb.debug.xcconfig */;
			buildSettings = {
				ASSETCATALOG_COMPILER_APPICON_NAME = AppIcon;
				INFOPLIST_FILE = MusicBlueb/Info.plist;
				IPHONEOS_DEPLOYMENT_TARGET = 8.0;
				LD_RUNPATH_SEARCH_PATHS = "$(inherited) @executable_path/Frameworks";
				LIBRARY_SEARCH_PATHS = (
					"$(inherited)",
					"$(PROJECT_DIR)/Pods/build/Debug-iphoneos",
				);
				PRODUCT_NAME = "$(TARGET_NAME)";
			};
			name = Debug;
		};
		3B928C2B1ABDE957002BBF6B /* Release */ = {
			isa = XCBuildConfiguration;
			baseConfigurationReference = 24BC5861D5CC6C15CB709DB8 /* Pods-MusicBlueb.release.xcconfig */;
			buildSettings = {
				ASSETCATALOG_COMPILER_APPICON_NAME = AppIcon;
				INFOPLIST_FILE = MusicBlueb/Info.plist;
				IPHONEOS_DEPLOYMENT_TARGET = 8.0;
				LD_RUNPATH_SEARCH_PATHS = "$(inherited) @executable_path/Frameworks";
				LIBRARY_SEARCH_PATHS = (
					"$(inherited)",
					"$(PROJECT_DIR)/Pods/build/Debug-iphoneos",
				);
				PRODUCT_NAME = "$(TARGET_NAME)";
			};
			name = Release;
		};
		3B928C2D1ABDE957002BBF6B /* Debug */ = {
			isa = XCBuildConfiguration;
			buildSettings = {
				BUNDLE_LOADER = "$(TEST_HOST)";
				FRAMEWORK_SEARCH_PATHS = (
					"$(SDKROOT)/Developer/Library/Frameworks",
					"$(inherited)",
				);
				GCC_PREPROCESSOR_DEFINITIONS = (
					"DEBUG=1",
					"$(inherited)",
				);
				INFOPLIST_FILE = MusicBluebTests/Info.plist;
				LD_RUNPATH_SEARCH_PATHS = "$(inherited) @executable_path/Frameworks @loader_path/Frameworks";
				PRODUCT_NAME = "$(TARGET_NAME)";
				TEST_HOST = "$(BUILT_PRODUCTS_DIR)/MusicBlueb.app/MusicBlueb";
			};
			name = Debug;
		};
		3B928C2E1ABDE957002BBF6B /* Release */ = {
			isa = XCBuildConfiguration;
			buildSettings = {
				BUNDLE_LOADER = "$(TEST_HOST)";
				FRAMEWORK_SEARCH_PATHS = (
					"$(SDKROOT)/Developer/Library/Frameworks",
					"$(inherited)",
				);
				INFOPLIST_FILE = MusicBluebTests/Info.plist;
				LD_RUNPATH_SEARCH_PATHS = "$(inherited) @executable_path/Frameworks @loader_path/Frameworks";
				PRODUCT_NAME = "$(TARGET_NAME)";
				TEST_HOST = "$(BUILT_PRODUCTS_DIR)/MusicBlueb.app/MusicBlueb";
			};
			name = Release;
		};
/* End XCBuildConfiguration section */

/* Begin XCConfigurationList section */
		3B928C011ABDE957002BBF6B /* Build configuration list for PBXProject "MusicBlueb" */ = {
			isa = XCConfigurationList;
			buildConfigurations = (
				3B928C271ABDE957002BBF6B /* Debug */,
				3B928C281ABDE957002BBF6B /* Release */,
			);
			defaultConfigurationIsVisible = 0;
			defaultConfigurationName = Release;
		};
		3B928C291ABDE957002BBF6B /* Build configuration list for PBXNativeTarget "MusicBlueb" */ = {
			isa = XCConfigurationList;
			buildConfigurations = (
				3B928C2A1ABDE957002BBF6B /* Debug */,
				3B928C2B1ABDE957002BBF6B /* Release */,
			);
			defaultConfigurationIsVisible = 0;
			defaultConfigurationName = Release;
		};
		3B928C2C1ABDE957002BBF6B /* Build configuration list for PBXNativeTarget "MusicBluebTests" */ = {
			isa = XCConfigurationList;
			buildConfigurations = (
				3B928C2D1ABDE957002BBF6B /* Debug */,
				3B928C2E1ABDE957002BBF6B /* Release */,
			);
			defaultConfigurationIsVisible = 0;
			defaultConfigurationName = Release;
		};
/* End XCConfigurationList section */
	};
	rootObject = 3B928BFE1ABDE957002BBF6B /* Project object */;
}
